// !$*UTF8*$!
{
	archiveVersion = 1;
	classes = {
	};
	objectVersion = 55;
	objects = {

/* Begin PBXBuildFile section */
		150ED8A227B089EF00E01FC6 /* rcl57App.swift in Sources */ = {isa = PBXBuildFile; fileRef = 150ED8A127B089EF00E01FC6 /* rcl57App.swift */; };
		150ED8A427B089EF00E01FC6 /* CalcView.swift in Sources */ = {isa = PBXBuildFile; fileRef = 150ED8A327B089EF00E01FC6 /* CalcView.swift */; };
		150ED8A627B089F000E01FC6 /* Assets.xcassets in Resources */ = {isa = PBXBuildFile; fileRef = 150ED8A527B089F000E01FC6 /* Assets.xcassets */; };
		150ED8A927B089F000E01FC6 /* Preview Assets.xcassets in Resources */ = {isa = PBXBuildFile; fileRef = 150ED8A827B089F000E01FC6 /* Preview Assets.xcassets */; };
		150ED8E927B08CC900E01FC6 /* RCL57.swift in Sources */ = {isa = PBXBuildFile; fileRef = 150ED8E827B08CC900E01FC6 /* RCL57.swift */; };
		150ED8EC27B09E6400E01FC6 /* DisplayView.swift in Sources */ = {isa = PBXBuildFile; fileRef = 150ED8EB27B09E6400E01FC6 /* DisplayView.swift */; };
		154B7A7B27BC65C900AE38F1 /* rcl57.c in Sources */ = {isa = PBXBuildFile; fileRef = 154B7A7127BC65C900AE38F1 /* rcl57.c */; };
		154B7A7C27BC65C900AE38F1 /* state57.c in Sources */ = {isa = PBXBuildFile; fileRef = 154B7A7327BC65C900AE38F1 /* state57.c */; };
		154B7A7D27BC65C900AE38F1 /* ti57.c in Sources */ = {isa = PBXBuildFile; fileRef = 154B7A7427BC65C900AE38F1 /* ti57.c */; };
		154B7A7E27BC65C900AE38F1 /* utils57.c in Sources */ = {isa = PBXBuildFile; fileRef = 154B7A7827BC65C900AE38F1 /* utils57.c */; };
		154B7A7F27BC65C900AE38F1 /* rom57.c in Sources */ = {isa = PBXBuildFile; fileRef = 154B7A7927BC65C900AE38F1 /* rom57.c */; };
		154B7A8427BF667700AE38F1 /* leds57.c in Sources */ = {isa = PBXBuildFile; fileRef = 154B7A8327BF667700AE38F1 /* leds57.c */; };
		158D172027E035E4003BC323 /* lrn57.c in Sources */ = {isa = PBXBuildFile; fileRef = 158D171E27E032EC003BC323 /* lrn57.c */; };
		158D172327E244FA003BC323 /* logger57.c in Sources */ = {isa = PBXBuildFile; fileRef = 158D172227E24441003BC323 /* logger57.c */; };
		158D172527E2A5E6003BC323 /* LogView.swift in Sources */ = {isa = PBXBuildFile; fileRef = 158D172427E2A5E6003BC323 /* LogView.swift */; };
		15DBBC4927CF2C5E00CD4131 /* log57.c in Sources */ = {isa = PBXBuildFile; fileRef = 15DBBC4827CF2A7400CD4131 /* log57.c */; };
		15DBBC4C27D6FEB300CD4131 /* key57.c in Sources */ = {isa = PBXBuildFile; fileRef = 15DBBC4B27D6FE0B00CD4131 /* key57.c */; };
/* End PBXBuildFile section */

/* Begin PBXFileReference section */
		150ED89E27B089EF00E01FC6 /* rcl57.app */ = {isa = PBXFileReference; explicitFileType = wrapper.application; includeInIndex = 0; path = rcl57.app; sourceTree = BUILT_PRODUCTS_DIR; };
		150ED8A127B089EF00E01FC6 /* rcl57App.swift */ = {isa = PBXFileReference; lastKnownFileType = sourcecode.swift; path = rcl57App.swift; sourceTree = "<group>"; };
		150ED8A327B089EF00E01FC6 /* CalcView.swift */ = {isa = PBXFileReference; lastKnownFileType = sourcecode.swift; path = CalcView.swift; sourceTree = "<group>"; };
		150ED8A527B089F000E01FC6 /* Assets.xcassets */ = {isa = PBXFileReference; lastKnownFileType = folder.assetcatalog; path = Assets.xcassets; sourceTree = "<group>"; };
		150ED8A827B089F000E01FC6 /* Preview Assets.xcassets */ = {isa = PBXFileReference; lastKnownFileType = folder.assetcatalog; path = "Preview Assets.xcassets"; sourceTree = "<group>"; };
		150ED8E827B08CC900E01FC6 /* RCL57.swift */ = {isa = PBXFileReference; lastKnownFileType = sourcecode.swift; path = RCL57.swift; sourceTree = "<group>"; };
		150ED8EA27B09BB300E01FC6 /* rcl57-Bridging-Header.h */ = {isa = PBXFileReference; lastKnownFileType = sourcecode.c.h; path = "rcl57-Bridging-Header.h"; sourceTree = "<group>"; };
		150ED8EB27B09E6400E01FC6 /* DisplayView.swift */ = {isa = PBXFileReference; lastKnownFileType = sourcecode.swift; path = DisplayView.swift; sourceTree = "<group>"; };
		154B7A7127BC65C900AE38F1 /* rcl57.c */ = {isa = PBXFileReference; fileEncoding = 4; lastKnownFileType = sourcecode.c.c; path = rcl57.c; sourceTree = "<group>"; };
		154B7A7227BC65C900AE38F1 /* utils57.h */ = {isa = PBXFileReference; fileEncoding = 4; lastKnownFileType = sourcecode.c.h; path = utils57.h; sourceTree = "<group>"; };
		154B7A7327BC65C900AE38F1 /* state57.c */ = {isa = PBXFileReference; fileEncoding = 4; lastKnownFileType = sourcecode.c.c; path = state57.c; sourceTree = "<group>"; };
		154B7A7427BC65C900AE38F1 /* ti57.c */ = {isa = PBXFileReference; fileEncoding = 4; lastKnownFileType = sourcecode.c.c; path = ti57.c; sourceTree = "<group>"; };
		154B7A7527BC65C900AE38F1 /* rom57.h */ = {isa = PBXFileReference; fileEncoding = 4; lastKnownFileType = sourcecode.c.h; path = rom57.h; sourceTree = "<group>"; };
		154B7A7627BC65C900AE38F1 /* state57.h */ = {isa = PBXFileReference; fileEncoding = 4; lastKnownFileType = sourcecode.c.h; path = state57.h; sourceTree = "<group>"; };
		154B7A7727BC65C900AE38F1 /* rcl57.h */ = {isa = PBXFileReference; fileEncoding = 4; lastKnownFileType = sourcecode.c.h; path = rcl57.h; sourceTree = "<group>"; };
		154B7A7827BC65C900AE38F1 /* utils57.c */ = {isa = PBXFileReference; fileEncoding = 4; lastKnownFileType = sourcecode.c.c; path = utils57.c; sourceTree = "<group>"; };
		154B7A7927BC65C900AE38F1 /* rom57.c */ = {isa = PBXFileReference; fileEncoding = 4; lastKnownFileType = sourcecode.c.c; path = rom57.c; sourceTree = "<group>"; };
		154B7A7A27BC65C900AE38F1 /* ti57.h */ = {isa = PBXFileReference; fileEncoding = 4; lastKnownFileType = sourcecode.c.h; path = ti57.h; sourceTree = "<group>"; };
		154B7A8227BF667700AE38F1 /* leds57.h */ = {isa = PBXFileReference; fileEncoding = 4; lastKnownFileType = sourcecode.c.h; path = leds57.h; sourceTree = "<group>"; };
		154B7A8327BF667700AE38F1 /* leds57.c */ = {isa = PBXFileReference; fileEncoding = 4; lastKnownFileType = sourcecode.c.c; path = leds57.c; sourceTree = "<group>"; };
		158D171827E01A89003BC323 /* op57.h */ = {isa = PBXFileReference; lastKnownFileType = sourcecode.c.h; path = op57.h; sourceTree = "<group>"; };
		158D171D27E032EC003BC323 /* lrn57.h */ = {isa = PBXFileReference; lastKnownFileType = sourcecode.c.h; path = lrn57.h; sourceTree = "<group>"; };
		158D171E27E032EC003BC323 /* lrn57.c */ = {isa = PBXFileReference; lastKnownFileType = sourcecode.c.c; path = lrn57.c; sourceTree = "<group>"; };
		158D172127E24441003BC323 /* logger57.h */ = {isa = PBXFileReference; lastKnownFileType = sourcecode.c.h; path = logger57.h; sourceTree = "<group>"; };
		158D172227E24441003BC323 /* logger57.c */ = {isa = PBXFileReference; lastKnownFileType = sourcecode.c.c; path = logger57.c; sourceTree = "<group>"; };
		158D172427E2A5E6003BC323 /* LogView.swift */ = {isa = PBXFileReference; lastKnownFileType = sourcecode.swift; path = LogView.swift; sourceTree = "<group>"; };
		15DBBC4727CF1C4900CD4131 /* log57.h */ = {isa = PBXFileReference; lastKnownFileType = sourcecode.c.h; path = log57.h; sourceTree = "<group>"; };
		15DBBC4827CF2A7400CD4131 /* log57.c */ = {isa = PBXFileReference; lastKnownFileType = sourcecode.c.c; path = log57.c; sourceTree = "<group>"; };
		15DBBC4A27D6F8B000CD4131 /* key57.h */ = {isa = PBXFileReference; lastKnownFileType = sourcecode.c.h; path = key57.h; sourceTree = "<group>"; };
		15DBBC4B27D6FE0B00CD4131 /* key57.c */ = {isa = PBXFileReference; lastKnownFileType = sourcecode.c.c; path = key57.c; sourceTree = "<group>"; };
/* End PBXFileReference section */

/* Begin PBXFrameworksBuildPhase section */
		150ED89B27B089EF00E01FC6 /* Frameworks */ = {
			isa = PBXFrameworksBuildPhase;
			buildActionMask = 2147483647;
			files = (
			);
			runOnlyForDeploymentPostprocessing = 0;
		};
/* End PBXFrameworksBuildPhase section */

/* Begin PBXGroup section */
		150ED89527B089EF00E01FC6 = {
			isa = PBXGroup;
			children = (
				154B7A7027BC65C900AE38F1 /* engine */,
				150ED8A027B089EF00E01FC6 /* rcl57 */,
				150ED89F27B089EF00E01FC6 /* Products */,
			);
			sourceTree = "<group>";
		};
		150ED89F27B089EF00E01FC6 /* Products */ = {
			isa = PBXGroup;
			children = (
				150ED89E27B089EF00E01FC6 /* rcl57.app */,
			);
			name = Products;
			sourceTree = "<group>";
		};
		150ED8A027B089EF00E01FC6 /* rcl57 */ = {
			isa = PBXGroup;
			children = (
				150ED8EA27B09BB300E01FC6 /* rcl57-Bridging-Header.h */,
				150ED8A327B089EF00E01FC6 /* CalcView.swift */,
				150ED8EB27B09E6400E01FC6 /* DisplayView.swift */,
				158D172427E2A5E6003BC323 /* LogView.swift */,
				150ED8E827B08CC900E01FC6 /* RCL57.swift */,
				150ED8A127B089EF00E01FC6 /* rcl57App.swift */,
				150ED8A527B089F000E01FC6 /* Assets.xcassets */,
				150ED8A727B089F000E01FC6 /* Preview Content */,
			);
			path = rcl57;
			sourceTree = "<group>";
		};
		150ED8A727B089F000E01FC6 /* Preview Content */ = {
			isa = PBXGroup;
			children = (
				150ED8A827B089F000E01FC6 /* Preview Assets.xcassets */,
			);
			path = "Preview Content";
			sourceTree = "<group>";
		};
		154B7A7027BC65C900AE38F1 /* engine */ = {
			isa = PBXGroup;
			children = (
				15DBBC4B27D6FE0B00CD4131 /* key57.c */,
				154B7A8327BF667700AE38F1 /* leds57.c */,
				15DBBC4827CF2A7400CD4131 /* log57.c */,
				158D172227E24441003BC323 /* logger57.c */,
				158D171E27E032EC003BC323 /* lrn57.c */,
				154B7A7127BC65C900AE38F1 /* rcl57.c */,
				154B7A7927BC65C900AE38F1 /* rom57.c */,
				154B7A7327BC65C900AE38F1 /* state57.c */,
				154B7A7427BC65C900AE38F1 /* ti57.c */,
				154B7A7827BC65C900AE38F1 /* utils57.c */,
				15DBBC4A27D6F8B000CD4131 /* key57.h */,
				154B7A8227BF667700AE38F1 /* leds57.h */,
				15DBBC4727CF1C4900CD4131 /* log57.h */,
				158D172127E24441003BC323 /* logger57.h */,
				158D171D27E032EC003BC323 /* lrn57.h */,
				158D171827E01A89003BC323 /* op57.h */,
				154B7A7727BC65C900AE38F1 /* rcl57.h */,
				154B7A7527BC65C900AE38F1 /* rom57.h */,
				154B7A7627BC65C900AE38F1 /* state57.h */,
				154B7A7A27BC65C900AE38F1 /* ti57.h */,
				154B7A7227BC65C900AE38F1 /* utils57.h */,
			);
			name = engine;
			path = ../engine;
			sourceTree = "<group>";
		};
/* End PBXGroup section */

/* Begin PBXNativeTarget section */
		150ED89D27B089EF00E01FC6 /* rcl57 */ = {
			isa = PBXNativeTarget;
			buildConfigurationList = 150ED8AC27B089F000E01FC6 /* Build configuration list for PBXNativeTarget "rcl57" */;
			buildPhases = (
				150ED89A27B089EF00E01FC6 /* Sources */,
				150ED89B27B089EF00E01FC6 /* Frameworks */,
				150ED89C27B089EF00E01FC6 /* Resources */,
			);
			buildRules = (
			);
			dependencies = (
			);
			name = rcl57;
			productName = rcl57;
			productReference = 150ED89E27B089EF00E01FC6 /* rcl57.app */;
			productType = "com.apple.product-type.application";
		};
/* End PBXNativeTarget section */

/* Begin PBXProject section */
		150ED89627B089EF00E01FC6 /* Project object */ = {
			isa = PBXProject;
			attributes = {
				BuildIndependentTargetsInParallel = 1;
				LastSwiftUpdateCheck = 1320;
				LastUpgradeCheck = 1320;
				TargetAttributes = {
					150ED89D27B089EF00E01FC6 = {
						CreatedOnToolsVersion = 13.2.1;
					};
				};
			};
			buildConfigurationList = 150ED89927B089EF00E01FC6 /* Build configuration list for PBXProject "rcl57" */;
			compatibilityVersion = "Xcode 13.0";
			developmentRegion = en;
			hasScannedForEncodings = 0;
			knownRegions = (
				en,
				Base,
			);
			mainGroup = 150ED89527B089EF00E01FC6;
			productRefGroup = 150ED89F27B089EF00E01FC6 /* Products */;
			projectDirPath = "";
			projectRoot = "";
			targets = (
				150ED89D27B089EF00E01FC6 /* rcl57 */,
			);
		};
/* End PBXProject section */

/* Begin PBXResourcesBuildPhase section */
		150ED89C27B089EF00E01FC6 /* Resources */ = {
			isa = PBXResourcesBuildPhase;
			buildActionMask = 2147483647;
			files = (
				150ED8A927B089F000E01FC6 /* Preview Assets.xcassets in Resources */,
				150ED8A627B089F000E01FC6 /* Assets.xcassets in Resources */,
			);
			runOnlyForDeploymentPostprocessing = 0;
		};
/* End PBXResourcesBuildPhase section */

/* Begin PBXSourcesBuildPhase section */
		150ED89A27B089EF00E01FC6 /* Sources */ = {
			isa = PBXSourcesBuildPhase;
			buildActionMask = 2147483647;
			files = (
				158D172027E035E4003BC323 /* lrn57.c in Sources */,
				158D172327E244FA003BC323 /* logger57.c in Sources */,
				15DBBC4C27D6FEB300CD4131 /* key57.c in Sources */,
				15DBBC4927CF2C5E00CD4131 /* log57.c in Sources */,
				154B7A7D27BC65C900AE38F1 /* ti57.c in Sources */,
				150ED8A427B089EF00E01FC6 /* CalcView.swift in Sources */,
				150ED8EC27B09E6400E01FC6 /* DisplayView.swift in Sources */,
				154B7A7E27BC65C900AE38F1 /* utils57.c in Sources */,
				154B7A7B27BC65C900AE38F1 /* rcl57.c in Sources */,
				154B7A8427BF667700AE38F1 /* leds57.c in Sources */,
				150ED8A227B089EF00E01FC6 /* rcl57App.swift in Sources */,
				150ED8E927B08CC900E01FC6 /* RCL57.swift in Sources */,
				154B7A7F27BC65C900AE38F1 /* rom57.c in Sources */,
				158D172527E2A5E6003BC323 /* LogView.swift in Sources */,
				154B7A7C27BC65C900AE38F1 /* state57.c in Sources */,
			);
			runOnlyForDeploymentPostprocessing = 0;
		};
/* End PBXSourcesBuildPhase section */

/* Begin XCBuildConfiguration section */
		150ED8AA27B089F000E01FC6 /* Debug */ = {
			isa = XCBuildConfiguration;
			buildSettings = {
				ALWAYS_SEARCH_USER_PATHS = NO;
				CLANG_ANALYZER_NONNULL = YES;
				CLANG_ANALYZER_NUMBER_OBJECT_CONVERSION = YES_AGGRESSIVE;
				CLANG_CXX_LANGUAGE_STANDARD = "gnu++17";
				CLANG_CXX_LIBRARY = "libc++";
				CLANG_ENABLE_MODULES = YES;
				CLANG_ENABLE_OBJC_ARC = YES;
				CLANG_ENABLE_OBJC_WEAK = YES;
				CLANG_WARN_BLOCK_CAPTURE_AUTORELEASING = YES;
				CLANG_WARN_BOOL_CONVERSION = YES;
				CLANG_WARN_COMMA = YES;
				CLANG_WARN_CONSTANT_CONVERSION = YES;
				CLANG_WARN_DEPRECATED_OBJC_IMPLEMENTATIONS = YES;
				CLANG_WARN_DIRECT_OBJC_ISA_USAGE = YES_ERROR;
				CLANG_WARN_DOCUMENTATION_COMMENTS = YES;
				CLANG_WARN_EMPTY_BODY = YES;
				CLANG_WARN_ENUM_CONVERSION = YES;
				CLANG_WARN_INFINITE_RECURSION = YES;
				CLANG_WARN_INT_CONVERSION = YES;
				CLANG_WARN_NON_LITERAL_NULL_CONVERSION = YES;
				CLANG_WARN_OBJC_IMPLICIT_RETAIN_SELF = YES;
				CLANG_WARN_OBJC_LITERAL_CONVERSION = YES;
				CLANG_WARN_OBJC_ROOT_CLASS = YES_ERROR;
				CLANG_WARN_QUOTED_INCLUDE_IN_FRAMEWORK_HEADER = YES;
				CLANG_WARN_RANGE_LOOP_ANALYSIS = YES;
				CLANG_WARN_STRICT_PROTOTYPES = YES;
				CLANG_WARN_SUSPICIOUS_MOVE = YES;
				CLANG_WARN_UNGUARDED_AVAILABILITY = YES_AGGRESSIVE;
				CLANG_WARN_UNREACHABLE_CODE = YES;
				CLANG_WARN__DUPLICATE_METHOD_MATCH = YES;
				COPY_PHASE_STRIP = NO;
				DEBUG_INFORMATION_FORMAT = dwarf;
				ENABLE_STRICT_OBJC_MSGSEND = YES;
				ENABLE_TESTABILITY = YES;
				GCC_C_LANGUAGE_STANDARD = gnu11;
				GCC_DYNAMIC_NO_PIC = NO;
				GCC_NO_COMMON_BLOCKS = YES;
				GCC_OPTIMIZATION_LEVEL = 0;
				GCC_PREPROCESSOR_DEFINITIONS = (
					"DEBUG=1",
					"$(inherited)",
				);
				GCC_WARN_64_TO_32_BIT_CONVERSION = YES;
				GCC_WARN_ABOUT_RETURN_TYPE = YES_ERROR;
				GCC_WARN_UNDECLARED_SELECTOR = YES;
				GCC_WARN_UNINITIALIZED_AUTOS = YES_AGGRESSIVE;
				GCC_WARN_UNUSED_FUNCTION = YES;
				GCC_WARN_UNUSED_VARIABLE = YES;
				IPHONEOS_DEPLOYMENT_TARGET = 15.1;
				MTL_ENABLE_DEBUG_INFO = INCLUDE_SOURCE;
				MTL_FAST_MATH = YES;
				ONLY_ACTIVE_ARCH = YES;
				SDKROOT = iphoneos;
				SWIFT_ACTIVE_COMPILATION_CONDITIONS = DEBUG;
				SWIFT_OPTIMIZATION_LEVEL = "-Onone";
			};
			name = Debug;
		};
		150ED8AB27B089F000E01FC6 /* Release */ = {
			isa = XCBuildConfiguration;
			buildSettings = {
				ALWAYS_SEARCH_USER_PATHS = NO;
				CLANG_ANALYZER_NONNULL = YES;
				CLANG_ANALYZER_NUMBER_OBJECT_CONVERSION = YES_AGGRESSIVE;
				CLANG_CXX_LANGUAGE_STANDARD = "gnu++17";
				CLANG_CXX_LIBRARY = "libc++";
				CLANG_ENABLE_MODULES = YES;
				CLANG_ENABLE_OBJC_ARC = YES;
				CLANG_ENABLE_OBJC_WEAK = YES;
				CLANG_WARN_BLOCK_CAPTURE_AUTORELEASING = YES;
				CLANG_WARN_BOOL_CONVERSION = YES;
				CLANG_WARN_COMMA = YES;
				CLANG_WARN_CONSTANT_CONVERSION = YES;
				CLANG_WARN_DEPRECATED_OBJC_IMPLEMENTATIONS = YES;
				CLANG_WARN_DIRECT_OBJC_ISA_USAGE = YES_ERROR;
				CLANG_WARN_DOCUMENTATION_COMMENTS = YES;
				CLANG_WARN_EMPTY_BODY = YES;
				CLANG_WARN_ENUM_CONVERSION = YES;
				CLANG_WARN_INFINITE_RECURSION = YES;
				CLANG_WARN_INT_CONVERSION = YES;
				CLANG_WARN_NON_LITERAL_NULL_CONVERSION = YES;
				CLANG_WARN_OBJC_IMPLICIT_RETAIN_SELF = YES;
				CLANG_WARN_OBJC_LITERAL_CONVERSION = YES;
				CLANG_WARN_OBJC_ROOT_CLASS = YES_ERROR;
				CLANG_WARN_QUOTED_INCLUDE_IN_FRAMEWORK_HEADER = YES;
				CLANG_WARN_RANGE_LOOP_ANALYSIS = YES;
				CLANG_WARN_STRICT_PROTOTYPES = YES;
				CLANG_WARN_SUSPICIOUS_MOVE = YES;
				CLANG_WARN_UNGUARDED_AVAILABILITY = YES_AGGRESSIVE;
				CLANG_WARN_UNREACHABLE_CODE = YES;
				CLANG_WARN__DUPLICATE_METHOD_MATCH = YES;
				COPY_PHASE_STRIP = NO;
				DEBUG_INFORMATION_FORMAT = "dwarf-with-dsym";
				ENABLE_NS_ASSERTIONS = NO;
				ENABLE_STRICT_OBJC_MSGSEND = YES;
				GCC_C_LANGUAGE_STANDARD = gnu11;
				GCC_NO_COMMON_BLOCKS = YES;
				GCC_WARN_64_TO_32_BIT_CONVERSION = YES;
				GCC_WARN_ABOUT_RETURN_TYPE = YES_ERROR;
				GCC_WARN_UNDECLARED_SELECTOR = YES;
				GCC_WARN_UNINITIALIZED_AUTOS = YES_AGGRESSIVE;
				GCC_WARN_UNUSED_FUNCTION = YES;
				GCC_WARN_UNUSED_VARIABLE = YES;
				IPHONEOS_DEPLOYMENT_TARGET = 15.1;
				MTL_ENABLE_DEBUG_INFO = NO;
				MTL_FAST_MATH = YES;
				SDKROOT = iphoneos;
				SWIFT_COMPILATION_MODE = wholemodule;
				SWIFT_OPTIMIZATION_LEVEL = "-O";
				VALIDATE_PRODUCT = YES;
			};
			name = Release;
		};
		150ED8AD27B089F000E01FC6 /* Debug */ = {
			isa = XCBuildConfiguration;
			buildSettings = {
				ASSETCATALOG_COMPILER_APPICON_NAME = AppIcon;
				ASSETCATALOG_COMPILER_GLOBAL_ACCENT_COLOR_NAME = AccentColor;
				CODE_SIGN_STYLE = Automatic;
				CURRENT_PROJECT_VERSION = 1;
				DEVELOPMENT_ASSET_PATHS = "\"rcl57/Preview Content\"";
				DEVELOPMENT_TEAM = FVF2Q6V64F;
				ENABLE_PREVIEWS = YES;
				GENERATE_INFOPLIST_FILE = YES;
				INFOPLIST_KEY_UIApplicationSceneManifest_Generation = YES;
				INFOPLIST_KEY_UIApplicationSupportsIndirectInputEvents = YES;
				INFOPLIST_KEY_UILaunchScreen_Generation = YES;
				INFOPLIST_KEY_UISupportedInterfaceOrientations_iPad = "UIInterfaceOrientationPortrait UIInterfaceOrientationLandscapeLeft UIInterfaceOrientationLandscapeRight";
				INFOPLIST_KEY_UISupportedInterfaceOrientations_iPhone = UIInterfaceOrientationPortrait;
				LD_RUNPATH_SEARCH_PATHS = (
					"$(inherited)",
					"@executable_path/Frameworks",
				);
				MARKETING_VERSION = 1.0;
				PRODUCT_BUNDLE_IDENTIFIER = n3times.rcl57;
				PRODUCT_NAME = "$(TARGET_NAME)";
				SWIFT_COMPILATION_MODE = wholemodule;
				SWIFT_EMIT_LOC_STRINGS = YES;
				"SWIFT_OBJC_BRIDGING_HEADER[arch=*]" = "rcl57/rcl57-Bridging-Header.h";
				SWIFT_VERSION = 5.0;
				TARGETED_DEVICE_FAMILY = "1,2";
			};
			name = Debug;
		};
		150ED8AE27B089F000E01FC6 /* Release */ = {
			isa = XCBuildConfiguration;
			buildSettings = {
				ASSETCATALOG_COMPILER_APPICON_NAME = AppIcon;
				ASSETCATALOG_COMPILER_GLOBAL_ACCENT_COLOR_NAME = AccentColor;
				CODE_SIGN_STYLE = Automatic;
				CURRENT_PROJECT_VERSION = 1;
				DEVELOPMENT_ASSET_PATHS = "\"rcl57/Preview Content\"";
				DEVELOPMENT_TEAM = FVF2Q6V64F;
				ENABLE_PREVIEWS = YES;
				GENERATE_INFOPLIST_FILE = YES;
				INFOPLIST_KEY_UIApplicationSceneManifest_Generation = YES;
				INFOPLIST_KEY_UIApplicationSupportsIndirectInputEvents = YES;
				INFOPLIST_KEY_UILaunchScreen_Generation = YES;
				INFOPLIST_KEY_UISupportedInterfaceOrientations_iPad = "UIInterfaceOrientationPortrait UIInterfaceOrientationLandscapeLeft UIInterfaceOrientationLandscapeRight";
				INFOPLIST_KEY_UISupportedInterfaceOrientations_iPhone = UIInterfaceOrientationPortrait;
				LD_RUNPATH_SEARCH_PATHS = (
					"$(inherited)",
					"@executable_path/Frameworks",
				);
				MARKETING_VERSION = 1.0;
				PRODUCT_BUNDLE_IDENTIFIER = n3times.rcl57;
				PRODUCT_NAME = "$(TARGET_NAME)";
				SWIFT_EMIT_LOC_STRINGS = YES;
				"SWIFT_OBJC_BRIDGING_HEADER[arch=*]" = "rcl57/rcl57-Bridging-Header.h";
				SWIFT_VERSION = 5.0;
				TARGETED_DEVICE_FAMILY = "1,2";
			};
			name = Release;
		};
/* End XCBuildConfiguration section */

/* Begin XCConfigurationList section */
		150ED89927B089EF00E01FC6 /* Build configuration list for PBXProject "rcl57" */ = {
			isa = XCConfigurationList;
			buildConfigurations = (
				150ED8AA27B089F000E01FC6 /* Debug */,
				150ED8AB27B089F000E01FC6 /* Release */,
			);
			defaultConfigurationIsVisible = 0;
			defaultConfigurationName = Release;
		};
		150ED8AC27B089F000E01FC6 /* Build configuration list for PBXNativeTarget "rcl57" */ = {
			isa = XCConfigurationList;
			buildConfigurations = (
				150ED8AD27B089F000E01FC6 /* Debug */,
				150ED8AE27B089F000E01FC6 /* Release */,
			);
			defaultConfigurationIsVisible = 0;
			defaultConfigurationName = Release;
		};
/* End XCConfigurationList section */
	};
	rootObject = 150ED89627B089EF00E01FC6 /* Project object */;
}
